
Microsoft Visual Studio Solution File, Format Version 12.00
# Visual Studio Version 16
VisualStudioVersion = 16.0.29905.134
MinimumVisualStudioVersion = 10.0.40219.1
Project("{FAE04EC0-301F-11D3-BF4B-00C04F79EFBC}") = "ECommerce.UI", "ECommerce.UI\ECommerce.UI.csproj", "{FFDB7FAD-8AB5-4967-B265-41005090D08B}"
EndProject
Project("{FAE04EC0-301F-11D3-BF4B-00C04F79EFBC}") = "Ecommerce.Entities", "Ecommerce.Entities\Ecommerce.Entities.csproj", "{D39E9087-7F28-4F14-A2C4-2A325851A5CF}"
EndProject
Project("{FAE04EC0-301F-11D3-BF4B-00C04F79EFBC}") = "Ecommerce.Repository", "Ecommerce.Repository\Ecommerce.Repository.csproj", "{61AAA7DB-9E35-49E6-8800-8E14CAFB6154}"
EndProject
Project("{FAE04EC0-301F-11D3-BF4B-00C04F79EFBC}") = "Ecommerce.DataAccess", "Ecommerce.DataAccess\Ecommerce.DataAccess.csproj", "{29F7318C-FF95-4C29-AD96-CA099C7D1BA8}"
EndProject
Project("{2150E333-8FDC-42A3-9474-1A3956D46DE8}") = "Solution Items", "Solution Items", "{3FF8E6B8-33C0-49CF-8551-FA0E2320BE22}"
	ProjectSection(SolutionItems) = preProject
		ReadMe.txt = ReadMe.txt
	EndProjectSection
EndProject
Global
	GlobalSection(SolutionConfigurationPlatforms) = preSolution
		Debug|Any CPU = Debug|Any CPU
		Release|Any CPU = Release|Any CPU
	EndGlobalSection
	GlobalSection(ProjectConfigurationPlatforms) = postSolution
		{FFDB7FAD-8AB5-4967-B265-41005090D08B}.Debug|Any CPU.ActiveCfg = Debug|Any CPU
		{FFDB7FAD-8AB5-4967-B265-41005090D08B}.Debug|Any CPU.Build.0 = Debug|Any CPU
		{FFDB7FAD-8AB5-4967-B265-41005090D08B}.Release|Any CPU.ActiveCfg = Release|Any CPU
		{FFDB7FAD-8AB5-4967-B265-41005090D08B}.Release|Any CPU.Build.0 = Release|Any CPU
		{D39E9087-7F28-4F14-A2C4-2A325851A5CF}.Debug|Any CPU.ActiveCfg = Debug|Any CPU
		{D39E9087-7F28-4F14-A2C4-2A325851A5CF}.Debug|Any CPU.Build.0 = Debug|Any CPU
		{D39E9087-7F28-4F14-A2C4-2A325851A5CF}.Release|Any CPU.ActiveCfg = Release|Any CPU
		{D39E9087-7F28-4F14-A2C4-2A325851A5CF}.Release|Any CPU.Build.0 = Release|Any CPU
		{61AAA7DB-9E35-49E6-8800-8E14CAFB6154}.Debug|Any CPU.ActiveCfg = Debug|Any CPU
		{61AAA7DB-9E35-49E6-8800-8E14CAFB6154}.Debug|Any CPU.Build.0 = Debug|Any CPU
		{61AAA7DB-9E35-49E6-8800-8E14CAFB6154}.Release|Any CPU.ActiveCfg = Release|Any CPU
		{61AAA7DB-9E35-49E6-8800-8E14CAFB6154}.Release|Any CPU.Build.0 = Release|Any CPU
		{29F7318C-FF95-4C29-AD96-CA099C7D1BA8}.Debug|Any CPU.ActiveCfg = Debug|Any CPU
		{29F7318C-FF95-4C29-AD96-CA099C7D1BA8}.Debug|Any CPU.Build.0 = Debug|Any CPU
		{29F7318C-FF95-4C29-AD96-CA099C7D1BA8}.Release|Any CPU.ActiveCfg = Release|Any CPU
		{29F7318C-FF95-4C29-AD96-CA099C7D1BA8}.Release|Any CPU.Build.0 = Release|Any CPU
	EndGlobalSection
	GlobalSection(SolutionProperties) = preSolution
		HideSolutionNode = FALSE
	EndGlobalSection
	GlobalSection(ExtensibilityGlobals) = postSolution
		SolutionGuid = {7528EAF8-CEB7-4009-A861-9D718892F22E}
	EndGlobalSection
EndGlobal
